
Microsoft Visual Studio Solution File, Format Version 12.00
# Visual Studio Version 17
VisualStudioVersion = 17.2.32602.215
MinimumVisualStudioVersion = 10.0.40219.1
Project("{FAE04EC0-301F-11D3-BF4B-00C04F79EFBC}") = "MockPractice", "MockPractice\MockPractice.csproj", "{1784457B-845B-4CAD-8C65-F7B3FC092BCC}"
EndProject
Project("{FAE04EC0-301F-11D3-BF4B-00C04F79EFBC}") = "MockPracticeBankApi", "MockPracticeBankApi\MockPracticeBankApi.csproj", "{0B30EDA4-0AB7-4E8E-891D-AD2C220BD37A}"
EndProject
Project("{FAE04EC0-301F-11D3-BF4B-00C04F79EFBC}") = "MockPracticeBankApiTest", "MockPracticeBankApiTest\MockPracticeBankApiTest.csproj", "{95573029-4E8F-4287-A466-55F344C7CF9C}"
EndProject
Global
	GlobalSection(SolutionConfigurationPlatforms) = preSolution
		Debug|Any CPU = Debug|Any CPU
		Release|Any CPU = Release|Any CPU
	EndGlobalSection
	GlobalSection(ProjectConfigurationPlatforms) = postSolution
		{1784457B-845B-4CAD-8C65-F7B3FC092BCC}.Debug|Any CPU.ActiveCfg = Debug|Any CPU
		{1784457B-845B-4CAD-8C65-F7B3FC092BCC}.Debug|Any CPU.Build.0 = Debug|Any CPU
		{1784457B-845B-4CAD-8C65-F7B3FC092BCC}.Release|Any CPU.ActiveCfg = Release|Any CPU
		{1784457B-845B-4CAD-8C65-F7B3FC092BCC}.Release|Any CPU.Build.0 = Release|Any CPU
		{0B30EDA4-0AB7-4E8E-891D-AD2C220BD37A}.Debug|Any CPU.ActiveCfg = Debug|Any CPU
		{0B30EDA4-0AB7-4E8E-891D-AD2C220BD37A}.Debug|Any CPU.Build.0 = Debug|Any CPU
		{0B30EDA4-0AB7-4E8E-891D-AD2C220BD37A}.Release|Any CPU.ActiveCfg = Release|Any CPU
		{0B30EDA4-0AB7-4E8E-891D-AD2C220BD37A}.Release|Any CPU.Build.0 = Release|Any CPU
		{95573029-4E8F-4287-A466-55F344C7CF9C}.Debug|Any CPU.ActiveCfg = Debug|Any CPU
		{95573029-4E8F-4287-A466-55F344C7CF9C}.Debug|Any CPU.Build.0 = Debug|Any CPU
		{95573029-4E8F-4287-A466-55F344C7CF9C}.Release|Any CPU.ActiveCfg = Release|Any CPU
		{95573029-4E8F-4287-A466-55F344C7CF9C}.Release|Any CPU.Build.0 = Release|Any CPU
	EndGlobalSection
	GlobalSection(SolutionProperties) = preSolution
		HideSolutionNode = FALSE
	EndGlobalSection
	GlobalSection(ExtensibilityGlobals) = postSolution
		SolutionGuid = {A7754AAF-604B-4695-A616-4F03D9BD8881}
	EndGlobalSection
EndGlobal
